// !$*UTF8*$!
{
	archiveVersion = 1;
	classes = {
	};
	objectVersion = 51;
	objects = {

/* Begin PBXBuildFile section */
		BE1291DD23DE19DE004E0E58 /* Default-568h@2x.png in Resources */ = {isa = PBXBuildFile; fileRef = BE1291DC23DE19DE004E0E58 /* Default-568h@2x.png */; };
		BE226CC823DCC2F800DDD2FF /* Date.swift in Sources */ = {isa = PBXBuildFile; fileRef = BE226CC723DCC2F800DDD2FF /* Date.swift */; };
		BE458EA423DB044700A54895 /* Zensor.swift in Sources */ = {isa = PBXBuildFile; fileRef = BE458EA323DB044700A54895 /* Zensor.swift */; };
		BE458EA623DB07BA00A54895 /* GoogleService-Info.plist in Resources */ = {isa = PBXBuildFile; fileRef = BE458EA523DB07BA00A54895 /* GoogleService-Info.plist */; };
		BE5F3FCA23DAF2A100CF7185 /* AppDelegate.swift in Sources */ = {isa = PBXBuildFile; fileRef = BE5F3FC923DAF2A100CF7185 /* AppDelegate.swift */; };
		BE5F3FCC23DAF2A100CF7185 /* SceneDelegate.swift in Sources */ = {isa = PBXBuildFile; fileRef = BE5F3FCB23DAF2A100CF7185 /* SceneDelegate.swift */; };
		BE5F3FCE23DAF2A100CF7185 /* ContentView.swift in Sources */ = {isa = PBXBuildFile; fileRef = BE5F3FCD23DAF2A100CF7185 /* ContentView.swift */; };
		BE5F3FD023DAF2A100CF7185 /* Assets.xcassets in Resources */ = {isa = PBXBuildFile; fileRef = BE5F3FCF23DAF2A100CF7185 /* Assets.xcassets */; };
		BE5F3FD323DAF2A100CF7185 /* Preview Assets.xcassets in Resources */ = {isa = PBXBuildFile; fileRef = BE5F3FD223DAF2A100CF7185 /* Preview Assets.xcassets */; };
		BE5F3FD623DAF2A100CF7185 /* LaunchScreen.storyboard in Resources */ = {isa = PBXBuildFile; fileRef = BE5F3FD423DAF2A100CF7185 /* LaunchScreen.storyboard */; };
		BEAEE49223DD7B6A002B5698 /* HomeKit.framework in Frameworks */ = {isa = PBXBuildFile; fileRef = BEAEE49123DD7B6A002B5698 /* HomeKit.framework */; };
		D2B19B4C16799EDD605F5F01 /* Pods_darling_nikki.framework in Frameworks */ = {isa = PBXBuildFile; fileRef = 02E3FEBC1716E54E80047415 /* Pods_darling_nikki.framework */; };
/* End PBXBuildFile section */

/* Begin PBXFileReference section */
		02E3FEBC1716E54E80047415 /* Pods_darling_nikki.framework */ = {isa = PBXFileReference; explicitFileType = wrapper.framework; includeInIndex = 0; path = Pods_darling_nikki.framework; sourceTree = BUILT_PRODUCTS_DIR; };
		211352B1307BE3EB2E3717A7 /* Pods-darling-nikki.release.xcconfig */ = {isa = PBXFileReference; includeInIndex = 1; lastKnownFileType = text.xcconfig; name = "Pods-darling-nikki.release.xcconfig"; path = "Target Support Files/Pods-darling-nikki/Pods-darling-nikki.release.xcconfig"; sourceTree = "<group>"; };
		7CAFBDB2F90D05D58CBB8462 /* Pods-darling-nikki.debug.xcconfig */ = {isa = PBXFileReference; includeInIndex = 1; lastKnownFileType = text.xcconfig; name = "Pods-darling-nikki.debug.xcconfig"; path = "Target Support Files/Pods-darling-nikki/Pods-darling-nikki.debug.xcconfig"; sourceTree = "<group>"; };
		BE1291DC23DE19DE004E0E58 /* Default-568h@2x.png */ = {isa = PBXFileReference; lastKnownFileType = image.png; path = "Default-568h@2x.png"; sourceTree = "<group>"; };
		BE226CC723DCC2F800DDD2FF /* Date.swift */ = {isa = PBXFileReference; lastKnownFileType = sourcecode.swift; path = Date.swift; sourceTree = "<group>"; };
		BE458EA323DB044700A54895 /* Zensor.swift */ = {isa = PBXFileReference; lastKnownFileType = sourcecode.swift; path = Zensor.swift; sourceTree = "<group>"; };
		BE458EA523DB07BA00A54895 /* GoogleService-Info.plist */ = {isa = PBXFileReference; fileEncoding = 4; lastKnownFileType = text.plist.xml; path = "GoogleService-Info.plist"; sourceTree = "<group>"; };
		BE5F3FC623DAF2A100CF7185 /* zensors.app */ = {isa = PBXFileReference; explicitFileType = wrapper.application; includeInIndex = 0; path = zensors.app; sourceTree = BUILT_PRODUCTS_DIR; };
		BE5F3FC923DAF2A100CF7185 /* AppDelegate.swift */ = {isa = PBXFileReference; lastKnownFileType = sourcecode.swift; path = AppDelegate.swift; sourceTree = "<group>"; };
		BE5F3FCB23DAF2A100CF7185 /* SceneDelegate.swift */ = {isa = PBXFileReference; lastKnownFileType = sourcecode.swift; path = SceneDelegate.swift; sourceTree = "<group>"; };
		BE5F3FCD23DAF2A100CF7185 /* ContentView.swift */ = {isa = PBXFileReference; lastKnownFileType = sourcecode.swift; path = ContentView.swift; sourceTree = "<group>"; };
		BE5F3FCF23DAF2A100CF7185 /* Assets.xcassets */ = {isa = PBXFileReference; lastKnownFileType = folder.assetcatalog; path = Assets.xcassets; sourceTree = "<group>"; };
		BE5F3FD223DAF2A100CF7185 /* Preview Assets.xcassets */ = {isa = PBXFileReference; lastKnownFileType = folder.assetcatalog; path = "Preview Assets.xcassets"; sourceTree = "<group>"; };
		BE5F3FD523DAF2A100CF7185 /* Base */ = {isa = PBXFileReference; lastKnownFileType = file.storyboard; name = Base; path = Base.lproj/LaunchScreen.storyboard; sourceTree = "<group>"; };
		BE5F3FD723DAF2A100CF7185 /* Info.plist */ = {isa = PBXFileReference; lastKnownFileType = text.plist.xml; path = Info.plist; sourceTree = "<group>"; };
		BEAEE49023DD7B6A002B5698 /* darling-nikkiDebug.entitlements */ = {isa = PBXFileReference; lastKnownFileType = text.plist.entitlements; path = "darling-nikkiDebug.entitlements"; sourceTree = "<group>"; };
		BEAEE49123DD7B6A002B5698 /* HomeKit.framework */ = {isa = PBXFileReference; lastKnownFileType = wrapper.framework; name = HomeKit.framework; path = System/Library/Frameworks/HomeKit.framework; sourceTree = SDKROOT; };
/* End PBXFileReference section */

/* Begin PBXFrameworksBuildPhase section */
		BE5F3FC323DAF2A100CF7185 /* Frameworks */ = {
			isa = PBXFrameworksBuildPhase;
			buildActionMask = 2147483647;
			files = (
				BEAEE49223DD7B6A002B5698 /* HomeKit.framework in Frameworks */,
				D2B19B4C16799EDD605F5F01 /* Pods_darling_nikki.framework in Frameworks */,
			);
			runOnlyForDeploymentPostprocessing = 0;
		};
/* End PBXFrameworksBuildPhase section */

/* Begin PBXGroup section */
		05413F8A5E3D7172078ED021 /* Frameworks */ = {
			isa = PBXGroup;
			children = (
				BEAEE49123DD7B6A002B5698 /* HomeKit.framework */,
				02E3FEBC1716E54E80047415 /* Pods_darling_nikki.framework */,
			);
			name = Frameworks;
			sourceTree = "<group>";
		};
		BE5F3FBD23DAF2A100CF7185 = {
			isa = PBXGroup;
			children = (
				BE5F3FC823DAF2A100CF7185 /* zensors */,
				BE5F3FC723DAF2A100CF7185 /* Products */,
				EF1C1DDC0EF930EDB21711AC /* Pods */,
				05413F8A5E3D7172078ED021 /* Frameworks */,
			);
			sourceTree = "<group>";
		};
		BE5F3FC723DAF2A100CF7185 /* Products */ = {
			isa = PBXGroup;
			children = (
				BE5F3FC623DAF2A100CF7185 /* zensors.app */,
			);
			name = Products;
			sourceTree = "<group>";
		};
		BE5F3FC823DAF2A100CF7185 /* zensors */ = {
			isa = PBXGroup;
			children = (
				BE1291DC23DE19DE004E0E58 /* Default-568h@2x.png */,
				BEAEE49023DD7B6A002B5698 /* darling-nikkiDebug.entitlements */,
				BE458EA523DB07BA00A54895 /* GoogleService-Info.plist */,
				BE5F3FC923DAF2A100CF7185 /* AppDelegate.swift */,
				BE5F3FCB23DAF2A100CF7185 /* SceneDelegate.swift */,
				BE5F3FCD23DAF2A100CF7185 /* ContentView.swift */,
				BE5F3FCF23DAF2A100CF7185 /* Assets.xcassets */,
				BE5F3FD423DAF2A100CF7185 /* LaunchScreen.storyboard */,
				BE5F3FD723DAF2A100CF7185 /* Info.plist */,
				BE5F3FD123DAF2A100CF7185 /* Preview Content */,
				BE458EA323DB044700A54895 /* Zensor.swift */,
				BE226CC723DCC2F800DDD2FF /* Date.swift */,
			);
			path = zensors;
			sourceTree = "<group>";
		};
		BE5F3FD123DAF2A100CF7185 /* Preview Content */ = {
			isa = PBXGroup;
			children = (
				BE5F3FD223DAF2A100CF7185 /* Preview Assets.xcassets */,
			);
			path = "Preview Content";
			sourceTree = "<group>";
		};
		EF1C1DDC0EF930EDB21711AC /* Pods */ = {
			isa = PBXGroup;
			children = (
				7CAFBDB2F90D05D58CBB8462 /* Pods-darling-nikki.debug.xcconfig */,
				211352B1307BE3EB2E3717A7 /* Pods-darling-nikki.release.xcconfig */,
			);
			path = Pods;
			sourceTree = "<group>";
		};
/* End PBXGroup section */

/* Begin PBXNativeTarget section */
		BE5F3FC523DAF2A100CF7185 /* zensors */ = {
			isa = PBXNativeTarget;
			buildConfigurationList = BE5F3FDA23DAF2A100CF7185 /* Build configuration list for PBXNativeTarget "zensors" */;
			buildPhases = (
				A7B297FD01A61E327ADE4803 /* [CP] Check Pods Manifest.lock */,
				BE5F3FC223DAF2A100CF7185 /* Sources */,
				BE5F3FC323DAF2A100CF7185 /* Frameworks */,
				BE5F3FC423DAF2A100CF7185 /* Resources */,
				4BF15A9158E36B0964BCA5EC /* [CP] Embed Pods Frameworks */,
			);
			buildRules = (
			);
			dependencies = (
			);
			name = zensors;
			productName = "darling-nikki";
			productReference = BE5F3FC623DAF2A100CF7185 /* zensors.app */;
			productType = "com.apple.product-type.application";
		};
/* End PBXNativeTarget section */

/* Begin PBXProject section */
		BE5F3FBE23DAF2A100CF7185 /* Project object */ = {
			isa = PBXProject;
			attributes = {
				LastSwiftUpdateCheck = 1130;
				LastUpgradeCheck = 1130;
				ORGANIZATIONNAME = "Zendo Tools";
				TargetAttributes = {
					BE5F3FC523DAF2A100CF7185 = {
						CreatedOnToolsVersion = 11.3;
					};
				};
			};
			buildConfigurationList = BE5F3FC123DAF2A100CF7185 /* Build configuration list for PBXProject "zensors" */;
			compatibilityVersion = "Xcode 9.3";
			developmentRegion = en;
			hasScannedForEncodings = 0;
			knownRegions = (
				en,
				Base,
			);
			mainGroup = BE5F3FBD23DAF2A100CF7185;
			productRefGroup = BE5F3FC723DAF2A100CF7185 /* Products */;
			projectDirPath = "";
			projectRoot = "";
			targets = (
				BE5F3FC523DAF2A100CF7185 /* zensors */,
			);
		};
/* End PBXProject section */

/* Begin PBXResourcesBuildPhase section */
		BE5F3FC423DAF2A100CF7185 /* Resources */ = {
			isa = PBXResourcesBuildPhase;
			buildActionMask = 2147483647;
			files = (
				BE5F3FD623DAF2A100CF7185 /* LaunchScreen.storyboard in Resources */,
				BE458EA623DB07BA00A54895 /* GoogleService-Info.plist in Resources */,
				BE5F3FD323DAF2A100CF7185 /* Preview Assets.xcassets in Resources */,
				BE1291DD23DE19DE004E0E58 /* Default-568h@2x.png in Resources */,
				BE5F3FD023DAF2A100CF7185 /* Assets.xcassets in Resources */,
			);
			runOnlyForDeploymentPostprocessing = 0;
		};
/* End PBXResourcesBuildPhase section */

/* Begin PBXShellScriptBuildPhase section */
		4BF15A9158E36B0964BCA5EC /* [CP] Embed Pods Frameworks */ = {
			isa = PBXShellScriptBuildPhase;
			buildActionMask = 2147483647;
			files = (
			);
			inputFileListPaths = (
				"${PODS_ROOT}/Target Support Files/Pods-darling-nikki/Pods-darling-nikki-frameworks-${CONFIGURATION}-input-files.xcfilelist",
			);
			name = "[CP] Embed Pods Frameworks";
			outputFileListPaths = (
				"${PODS_ROOT}/Target Support Files/Pods-darling-nikki/Pods-darling-nikki-frameworks-${CONFIGURATION}-output-files.xcfilelist",
			);
			runOnlyForDeploymentPostprocessing = 0;
			shellPath = /bin/sh;
			shellScript = "\"${PODS_ROOT}/Target Support Files/Pods-darling-nikki/Pods-darling-nikki-frameworks.sh\"\n";
			showEnvVarsInLog = 0;
		};
		A7B297FD01A61E327ADE4803 /* [CP] Check Pods Manifest.lock */ = {
			isa = PBXShellScriptBuildPhase;
			buildActionMask = 2147483647;
			files = (
			);
			inputFileListPaths = (
			);
			inputPaths = (
				"${PODS_PODFILE_DIR_PATH}/Podfile.lock",
				"${PODS_ROOT}/Manifest.lock",
			);
			name = "[CP] Check Pods Manifest.lock";
			outputFileListPaths = (
			);
			outputPaths = (
				"$(DERIVED_FILE_DIR)/Pods-darling-nikki-checkManifestLockResult.txt",
			);
			runOnlyForDeploymentPostprocessing = 0;
			shellPath = /bin/sh;
			shellScript = "diff \"${PODS_PODFILE_DIR_PATH}/Podfile.lock\" \"${PODS_ROOT}/Manifest.lock\" > /dev/null\nif [ $? != 0 ] ; then\n    # print error to STDERR\n    echo \"error: The sandbox is not in sync with the Podfile.lock. Run 'pod install' or update your CocoaPods installation.\" >&2\n    exit 1\nfi\n# This output is used by Xcode 'outputs' to avoid re-running this script phase.\necho \"SUCCESS\" > \"${SCRIPT_OUTPUT_FILE_0}\"\n";
			showEnvVarsInLog = 0;
		};
/* End PBXShellScriptBuildPhase section */

/* Begin PBXSourcesBuildPhase section */
		BE5F3FC223DAF2A100CF7185 /* Sources */ = {
			isa = PBXSourcesBuildPhase;
			buildActionMask = 2147483647;
			files = (
				BE458EA423DB044700A54895 /* Zensor.swift in Sources */,
				BE226CC823DCC2F800DDD2FF /* Date.swift in Sources */,
				BE5F3FCA23DAF2A100CF7185 /* AppDelegate.swift in Sources */,
				BE5F3FCC23DAF2A100CF7185 /* SceneDelegate.swift in Sources */,
				BE5F3FCE23DAF2A100CF7185 /* ContentView.swift in Sources */,
			);
			runOnlyForDeploymentPostprocessing = 0;
		};
/* End PBXSourcesBuildPhase section */

/* Begin PBXVariantGroup section */
		BE5F3FD423DAF2A100CF7185 /* LaunchScreen.storyboard */ = {
			isa = PBXVariantGroup;
			children = (
				BE5F3FD523DAF2A100CF7185 /* Base */,
			);
			name = LaunchScreen.storyboard;
			sourceTree = "<group>";
		};
/* End PBXVariantGroup section */

/* Begin XCBuildConfiguration section */
		BE5F3FD823DAF2A100CF7185 /* Debug */ = {
			isa = XCBuildConfiguration;
			buildSettings = {
				ALWAYS_SEARCH_USER_PATHS = NO;
				CLANG_ANALYZER_NONNULL = YES;
				CLANG_ANALYZER_NUMBER_OBJECT_CONVERSION = YES_AGGRESSIVE;
				CLANG_CXX_LANGUAGE_STANDARD = "gnu++14";
				CLANG_CXX_LIBRARY = "libc++";
				CLANG_ENABLE_MODULES = YES;
				CLANG_ENABLE_OBJC_ARC = YES;
				CLANG_ENABLE_OBJC_WEAK = YES;
				CLANG_WARN_BLOCK_CAPTURE_AUTORELEASING = YES;
				CLANG_WARN_BOOL_CONVERSION = YES;
				CLANG_WARN_COMMA = YES;
				CLANG_WARN_CONSTANT_CONVERSION = YES;
				CLANG_WARN_DEPRECATED_OBJC_IMPLEMENTATIONS = YES;
				CLANG_WARN_DIRECT_OBJC_ISA_USAGE = YES_ERROR;
				CLANG_WARN_DOCUMENTATION_COMMENTS = YES;
				CLANG_WARN_EMPTY_BODY = YES;
				CLANG_WARN_ENUM_CONVERSION = YES;
				CLANG_WARN_INFINITE_RECURSION = YES;
				CLANG_WARN_INT_CONVERSION = YES;
				CLANG_WARN_NON_LITERAL_NULL_CONVERSION = YES;
				CLANG_WARN_OBJC_IMPLICIT_RETAIN_SELF = YES;
				CLANG_WARN_OBJC_LITERAL_CONVERSION = YES;
				CLANG_WARN_OBJC_ROOT_CLASS = YES_ERROR;
				CLANG_WARN_RANGE_LOOP_ANALYSIS = YES;
				CLANG_WARN_STRICT_PROTOTYPES = YES;
				CLANG_WARN_SUSPICIOUS_MOVE = YES;
				CLANG_WARN_UNGUARDED_AVAILABILITY = YES_AGGRESSIVE;
				CLANG_WARN_UNREACHABLE_CODE = YES;
				CLANG_WARN__DUPLICATE_METHOD_MATCH = YES;
				COPY_PHASE_STRIP = NO;
				DEBUG_INFORMATION_FORMAT = dwarf;
				ENABLE_STRICT_OBJC_MSGSEND = YES;
				ENABLE_TESTABILITY = YES;
				GCC_C_LANGUAGE_STANDARD = gnu11;
				GCC_DYNAMIC_NO_PIC = NO;
				GCC_NO_COMMON_BLOCKS = YES;
				GCC_OPTIMIZATION_LEVEL = 0;
				GCC_PREPROCESSOR_DEFINITIONS = (
					"DEBUG=1",
					"$(inherited)",
				);
				GCC_WARN_64_TO_32_BIT_CONVERSION = YES;
				GCC_WARN_ABOUT_RETURN_TYPE = YES_ERROR;
				GCC_WARN_UNDECLARED_SELECTOR = YES;
				GCC_WARN_UNINITIALIZED_AUTOS = YES_AGGRESSIVE;
				GCC_WARN_UNUSED_FUNCTION = YES;
				GCC_WARN_UNUSED_VARIABLE = YES;
				IPHONEOS_DEPLOYMENT_TARGET = 13.2;
				MTL_ENABLE_DEBUG_INFO = INCLUDE_SOURCE;
				MTL_FAST_MATH = YES;
				ONLY_ACTIVE_ARCH = YES;
				SDKROOT = iphoneos;
				SWIFT_ACTIVE_COMPILATION_CONDITIONS = DEBUG;
				SWIFT_OPTIMIZATION_LEVEL = "-Onone";
			};
			name = Debug;
		};
		BE5F3FD923DAF2A100CF7185 /* Release */ = {
			isa = XCBuildConfiguration;
			buildSettings = {
				ALWAYS_SEARCH_USER_PATHS = NO;
				CLANG_ANALYZER_NONNULL = YES;
				CLANG_ANALYZER_NUMBER_OBJECT_CONVERSION = YES_AGGRESSIVE;
				CLANG_CXX_LANGUAGE_STANDARD = "gnu++14";
				CLANG_CXX_LIBRARY = "libc++";
				CLANG_ENABLE_MODULES = YES;
				CLANG_ENABLE_OBJC_ARC = YES;
				CLANG_ENABLE_OBJC_WEAK = YES;
				CLANG_WARN_BLOCK_CAPTURE_AUTORELEASING = YES;
				CLANG_WARN_BOOL_CONVERSION = YES;
				CLANG_WARN_COMMA = YES;
				CLANG_WARN_CONSTANT_CONVERSION = YES;
				CLANG_WARN_DEPRECATED_OBJC_IMPLEMENTATIONS = YES;
				CLANG_WARN_DIRECT_OBJC_ISA_USAGE = YES_ERROR;
				CLANG_WARN_DOCUMENTATION_COMMENTS = YES;
				CLANG_WARN_EMPTY_BODY = YES;
				CLANG_WARN_ENUM_CONVERSION = YES;
				CLANG_WARN_INFINITE_RECURSION = YES;
				CLANG_WARN_INT_CONVERSION = YES;
				CLANG_WARN_NON_LITERAL_NULL_CONVERSION = YES;
				CLANG_WARN_OBJC_IMPLICIT_RETAIN_SELF = YES;
				CLANG_WARN_OBJC_LITERAL_CONVERSION = YES;
				CLANG_WARN_OBJC_ROOT_CLASS = YES_ERROR;
				CLANG_WARN_RANGE_LOOP_ANALYSIS = YES;
				CLANG_WARN_STRICT_PROTOTYPES = YES;
				CLANG_WARN_SUSPICIOUS_MOVE = YES;
				CLANG_WARN_UNGUARDED_AVAILABILITY = YES_AGGRESSIVE;
				CLANG_WARN_UNREACHABLE_CODE = YES;
				CLANG_WARN__DUPLICATE_METHOD_MATCH = YES;
				COPY_PHASE_STRIP = NO;
				DEBUG_INFORMATION_FORMAT = "dwarf-with-dsym";
				ENABLE_NS_ASSERTIONS = NO;
				ENABLE_STRICT_OBJC_MSGSEND = YES;
				GCC_C_LANGUAGE_STANDARD = gnu11;
				GCC_NO_COMMON_BLOCKS = YES;
				GCC_WARN_64_TO_32_BIT_CONVERSION = YES;
				GCC_WARN_ABOUT_RETURN_TYPE = YES_ERROR;
				GCC_WARN_UNDECLARED_SELECTOR = YES;
				GCC_WARN_UNINITIALIZED_AUTOS = YES_AGGRESSIVE;
				GCC_WARN_UNUSED_FUNCTION = YES;
				GCC_WARN_UNUSED_VARIABLE = YES;
				IPHONEOS_DEPLOYMENT_TARGET = 13.2;
				MTL_ENABLE_DEBUG_INFO = NO;
				MTL_FAST_MATH = YES;
				SDKROOT = iphoneos;
				SWIFT_COMPILATION_MODE = wholemodule;
				SWIFT_OPTIMIZATION_LEVEL = "-O";
				VALIDATE_PRODUCT = YES;
			};
			name = Release;
		};
		BE5F3FDB23DAF2A100CF7185 /* Debug */ = {
			isa = XCBuildConfiguration;
			baseConfigurationReference = 7CAFBDB2F90D05D58CBB8462 /* Pods-darling-nikki.debug.xcconfig */;
			buildSettings = {
				ASSETCATALOG_COMPILER_APPICON_NAME = AppIcon;
				CODE_SIGN_ENTITLEMENTS = "zensors/darling-nikkiDebug.entitlements";
				CODE_SIGN_STYLE = Automatic;
				DEVELOPMENT_ASSET_PATHS = "\"zensors/Preview Content\"";
				DEVELOPMENT_TEAM = 6N25VDH5A9;
				ENABLE_PREVIEWS = YES;
				INFOPLIST_FILE = zensors/Info.plist;
				LD_RUNPATH_SEARCH_PATHS = (
					"$(inherited)",
					"@executable_path/Frameworks",
				);
				PRODUCT_BUNDLE_IDENTIFIER = tools.zendo.zensors;
				PRODUCT_NAME = "$(TARGET_NAME)";
				SWIFT_VERSION = 5.0;
				TARGETED_DEVICE_FAMILY = "1,2";
			};
			name = Debug;
		};
		BE5F3FDC23DAF2A100CF7185 /* Release */ = {
			isa = XCBuildConfiguration;
			baseConfigurationReference = 211352B1307BE3EB2E3717A7 /* Pods-darling-nikki.release.xcconfig */;
			buildSettings = {
				ASSETCATALOG_COMPILER_APPICON_NAME = AppIcon;
				CODE_SIGN_STYLE = Automatic;
				DEVELOPMENT_ASSET_PATHS = "\"zensors/Preview Content\"";
				DEVELOPMENT_TEAM = 6N25VDH5A9;
				ENABLE_PREVIEWS = YES;
				INFOPLIST_FILE = zensors/Info.plist;
				LD_RUNPATH_SEARCH_PATHS = (
					"$(inherited)",
					"@executable_path/Frameworks",
				);
				PRODUCT_BUNDLE_IDENTIFIER = tools.zendo.zensors;
				PRODUCT_NAME = "$(TARGET_NAME)";
				SWIFT_VERSION = 5.0;
				TARGETED_DEVICE_FAMILY = "1,2";
			};
			name = Release;
		};
/* End XCBuildConfiguration section */

/* Begin XCConfigurationList section */
		BE5F3FC123DAF2A100CF7185 /* Build configuration list for PBXProject "zensors" */ = {
			isa = XCConfigurationList;
			buildConfigurations = (
				BE5F3FD823DAF2A100CF7185 /* Debug */,
				BE5F3FD923DAF2A100CF7185 /* Release */,
			);
			defaultConfigurationIsVisible = 0;
			defaultConfigurationName = Release;
		};
		BE5F3FDA23DAF2A100CF7185 /* Build configuration list for PBXNativeTarget "zensors" */ = {
			isa = XCConfigurationList;
			buildConfigurations = (
				BE5F3FDB23DAF2A100CF7185 /* Debug */,
				BE5F3FDC23DAF2A100CF7185 /* Release */,
			);
			defaultConfigurationIsVisible = 0;
			defaultConfigurationName = Release;
		};
/* End XCConfigurationList section */
	};
	rootObject = BE5F3FBE23DAF2A100CF7185 /* Project object */;
}
